
Microsoft Visual Studio Solution File, Format Version 12.00
# Visual Studio 2013
VisualStudioVersion = 12.0.40629.0
MinimumVisualStudioVersion = 10.0.40219.1
Project("{FAE04EC0-301F-11D3-BF4B-00C04F79EFBC}") = "RPApp.Core.Library", "RPApp.CoreLibrary\RPApp.Core.Library.csproj", "{695C8BE8-EB95-454A-947A-155CA9916734}"
EndProject
Project("{FAE04EC0-301F-11D3-BF4B-00C04F79EFBC}") = "RPApp.Infrastucture.Library", "RPApp.InfrastuctureLibrary\RPApp.Infrastucture.Library.csproj", "{64F61577-9726-488F-B8DE-5A8936A2C9AD}"
EndProject
Project("{FAE04EC0-301F-11D3-BF4B-00C04F79EFBC}") = "RPApp.BusinessLogic.Library", "RPApp.BusinessLogicLibrary\RPApp.BusinessLogic.Library.csproj", "{309146B2-CB19-4414-AD74-DAFEB7F1665C}"
EndProject
Project("{2150E333-8FDC-42A3-9474-1A3956D46DE8}") = "01 Core", "01 Core", "{334BF0C8-F75B-4979-9B1B-9F4D8C03C926}"
EndProject
Project("{2150E333-8FDC-42A3-9474-1A3956D46DE8}") = "02 Infrastucture", "02 Infrastucture", "{86881D7A-0EF6-4FCB-9B9C-AFDDD347E5A9}"
EndProject
Project("{2150E333-8FDC-42A3-9474-1A3956D46DE8}") = "05 Bisiness Logic", "05 Bisiness Logic", "{605BB45B-CAD4-4DF0-890B-48BE9E9B301C}"
EndProject
Project("{2150E333-8FDC-42A3-9474-1A3956D46DE8}") = "04 Test", "04 Test", "{C9B4959B-5D47-4B24-BA6C-F26419EB4716}"
EndProject
Project("{FAE04EC0-301F-11D3-BF4B-00C04F79EFBC}") = "RPApp.UnitTest.Library", "RPApp.Unit.TestLibrary\RPApp.UnitTest.Library.csproj", "{98538CDD-95E8-4FA6-9FF7-09CF08B7999D}"
EndProject
Project("{2150E333-8FDC-42A3-9474-1A3956D46DE8}") = "06 User Interface", "06 User Interface", "{BED220C5-4D3F-4924-A9A3-94F0F85198AE}"
EndProject
Project("{FAE04EC0-301F-11D3-BF4B-00C04F79EFBC}") = "RPApp.MVC", "RPApp.MVC\RPApp.MVC.csproj", "{7408E703-BCBB-4263-BD52-B051E22D8DE1}"
EndProject
Project("{2150E333-8FDC-42A3-9474-1A3956D46DE8}") = "03 Data Access", "03 Data Access", "{33342B17-B86F-4913-9D45-DFD2C6490042}"
EndProject
Project("{FAE04EC0-301F-11D3-BF4B-00C04F79EFBC}") = "RPApp.DataAccess.Library", "RPApp.DataAccess.Library\RPApp.DataAccess.Library.csproj", "{07C3531A-9C81-49F4-A331-EE451543B681}"
EndProject
Project("{FAE04EC0-301F-11D3-BF4B-00C04F79EFBC}") = "RPApp.Console", "RPApp.Console\RPApp.Console.csproj", "{1395CA24-5C21-4FEF-8F3F-1C05FAC1B63A}"
EndProject
Global
	GlobalSection(SolutionConfigurationPlatforms) = preSolution
		Debug|Any CPU = Debug|Any CPU
		Release|Any CPU = Release|Any CPU
	EndGlobalSection
	GlobalSection(ProjectConfigurationPlatforms) = postSolution
		{695C8BE8-EB95-454A-947A-155CA9916734}.Debug|Any CPU.ActiveCfg = Debug|Any CPU
		{695C8BE8-EB95-454A-947A-155CA9916734}.Debug|Any CPU.Build.0 = Debug|Any CPU
		{695C8BE8-EB95-454A-947A-155CA9916734}.Release|Any CPU.ActiveCfg = Release|Any CPU
		{695C8BE8-EB95-454A-947A-155CA9916734}.Release|Any CPU.Build.0 = Release|Any CPU
		{64F61577-9726-488F-B8DE-5A8936A2C9AD}.Debug|Any CPU.ActiveCfg = Debug|Any CPU
		{64F61577-9726-488F-B8DE-5A8936A2C9AD}.Debug|Any CPU.Build.0 = Debug|Any CPU
		{64F61577-9726-488F-B8DE-5A8936A2C9AD}.Release|Any CPU.ActiveCfg = Release|Any CPU
		{64F61577-9726-488F-B8DE-5A8936A2C9AD}.Release|Any CPU.Build.0 = Release|Any CPU
		{309146B2-CB19-4414-AD74-DAFEB7F1665C}.Debug|Any CPU.ActiveCfg = Debug|Any CPU
		{309146B2-CB19-4414-AD74-DAFEB7F1665C}.Debug|Any CPU.Build.0 = Debug|Any CPU
		{309146B2-CB19-4414-AD74-DAFEB7F1665C}.Release|Any CPU.ActiveCfg = Release|Any CPU
		{309146B2-CB19-4414-AD74-DAFEB7F1665C}.Release|Any CPU.Build.0 = Release|Any CPU
		{98538CDD-95E8-4FA6-9FF7-09CF08B7999D}.Debug|Any CPU.ActiveCfg = Debug|Any CPU
		{98538CDD-95E8-4FA6-9FF7-09CF08B7999D}.Debug|Any CPU.Build.0 = Debug|Any CPU
		{98538CDD-95E8-4FA6-9FF7-09CF08B7999D}.Release|Any CPU.ActiveCfg = Release|Any CPU
		{98538CDD-95E8-4FA6-9FF7-09CF08B7999D}.Release|Any CPU.Build.0 = Release|Any CPU
		{7408E703-BCBB-4263-BD52-B051E22D8DE1}.Debug|Any CPU.ActiveCfg = Debug|Any CPU
		{7408E703-BCBB-4263-BD52-B051E22D8DE1}.Debug|Any CPU.Build.0 = Debug|Any CPU
		{7408E703-BCBB-4263-BD52-B051E22D8DE1}.Release|Any CPU.ActiveCfg = Release|Any CPU
		{7408E703-BCBB-4263-BD52-B051E22D8DE1}.Release|Any CPU.Build.0 = Release|Any CPU
		{07C3531A-9C81-49F4-A331-EE451543B681}.Debug|Any CPU.ActiveCfg = Debug|Any CPU
		{07C3531A-9C81-49F4-A331-EE451543B681}.Debug|Any CPU.Build.0 = Debug|Any CPU
		{07C3531A-9C81-49F4-A331-EE451543B681}.Release|Any CPU.ActiveCfg = Release|Any CPU
		{07C3531A-9C81-49F4-A331-EE451543B681}.Release|Any CPU.Build.0 = Release|Any CPU
		{1395CA24-5C21-4FEF-8F3F-1C05FAC1B63A}.Debug|Any CPU.ActiveCfg = Debug|Any CPU
		{1395CA24-5C21-4FEF-8F3F-1C05FAC1B63A}.Debug|Any CPU.Build.0 = Debug|Any CPU
		{1395CA24-5C21-4FEF-8F3F-1C05FAC1B63A}.Release|Any CPU.ActiveCfg = Release|Any CPU
		{1395CA24-5C21-4FEF-8F3F-1C05FAC1B63A}.Release|Any CPU.Build.0 = Release|Any CPU
	EndGlobalSection
	GlobalSection(SolutionProperties) = preSolution
		HideSolutionNode = FALSE
	EndGlobalSection
	GlobalSection(NestedProjects) = preSolution
		{695C8BE8-EB95-454A-947A-155CA9916734} = {334BF0C8-F75B-4979-9B1B-9F4D8C03C926}
		{64F61577-9726-488F-B8DE-5A8936A2C9AD} = {86881D7A-0EF6-4FCB-9B9C-AFDDD347E5A9}
		{309146B2-CB19-4414-AD74-DAFEB7F1665C} = {605BB45B-CAD4-4DF0-890B-48BE9E9B301C}
		{98538CDD-95E8-4FA6-9FF7-09CF08B7999D} = {C9B4959B-5D47-4B24-BA6C-F26419EB4716}
		{7408E703-BCBB-4263-BD52-B051E22D8DE1} = {BED220C5-4D3F-4924-A9A3-94F0F85198AE}
		{07C3531A-9C81-49F4-A331-EE451543B681} = {33342B17-B86F-4913-9D45-DFD2C6490042}
		{1395CA24-5C21-4FEF-8F3F-1C05FAC1B63A} = {BED220C5-4D3F-4924-A9A3-94F0F85198AE}
	EndGlobalSection
EndGlobal
